
Microsoft Visual Studio Solution File, Format Version 12.00
# Visual Studio Version 17
VisualStudioVersion = 17.6.33829.357
MinimumVisualStudioVersion = 10.0.40219.1
Project("{FAE04EC0-301F-11D3-BF4B-00C04F79EFBC}") = "HavaKarti", "HavaKarti\HavaKarti.csproj", "{B5D80D27-74F4-42A1-AAA6-9F7E6981533D}"
EndProject
Global
	GlobalSection(SolutionConfigurationPlatforms) = preSolution
		Debug|Any CPU = Debug|Any CPU
		Release|Any CPU = Release|Any CPU
	EndGlobalSection
	GlobalSection(ProjectConfigurationPlatforms) = postSolution
		{B5D80D27-74F4-42A1-AAA6-9F7E6981533D}.Debug|Any CPU.ActiveCfg = Debug|Any CPU
		{B5D80D27-74F4-42A1-AAA6-9F7E6981533D}.Debug|Any CPU.Build.0 = Debug|Any CPU
		{B5D80D27-74F4-42A1-AAA6-9F7E6981533D}.Release|Any CPU.ActiveCfg = Release|Any CPU
		{B5D80D27-74F4-42A1-AAA6-9F7E6981533D}.Release|Any CPU.Build.0 = Release|Any CPU
	EndGlobalSection
	GlobalSection(SolutionProperties) = preSolution
		HideSolutionNode = FALSE
	EndGlobalSection
	GlobalSection(ExtensibilityGlobals) = postSolution
		SolutionGuid = {8A4F0A13-9811-4ACC-A2EC-E8CC6E9DAA60}
	EndGlobalSection
EndGlobal
